
Microsoft Visual Studio Solution File, Format Version 12.00
# Visual Studio 15
VisualStudioVersion = 15.0.27428.2037
MinimumVisualStudioVersion = 10.0.40219.1
Project("{F184B08F-C81C-45F6-A57F-5ABD9991F28F}") = "QLTV", "QLTV\QLTV.vbproj", "{D65F146D-DCB5-4F82-814B-FCEFF9AA6C70}"
EndProject
Project("{F184B08F-C81C-45F6-A57F-5ABD9991F28F}") = "DTO", "DTO\DTO.vbproj", "{99A6D58F-509C-4B80-A3E4-8BE2CF350D17}"
EndProject
Project("{F184B08F-C81C-45F6-A57F-5ABD9991F28F}") = "DAL", "DAL\DAL.vbproj", "{805EAF8A-0ED1-429F-A941-B519B41AD6F1}"
EndProject
Project("{F184B08F-C81C-45F6-A57F-5ABD9991F28F}") = "BUS", "BUS\BUS.vbproj", "{14FF23B6-DDE6-420F-8260-4DD877B6F38A}"
EndProject
Project("{F184B08F-C81C-45F6-A57F-5ABD9991F28F}") = "Utility", "Utility\Utility.vbproj", "{C6C05DE9-944A-425E-B9D7-E432A1270D3A}"
EndProject
Global
	GlobalSection(SolutionConfigurationPlatforms) = preSolution
		Debug|Any CPU = Debug|Any CPU
		Release|Any CPU = Release|Any CPU
	EndGlobalSection
	GlobalSection(ProjectConfigurationPlatforms) = postSolution
		{D65F146D-DCB5-4F82-814B-FCEFF9AA6C70}.Debug|Any CPU.ActiveCfg = Debug|Any CPU
		{D65F146D-DCB5-4F82-814B-FCEFF9AA6C70}.Debug|Any CPU.Build.0 = Debug|Any CPU
		{D65F146D-DCB5-4F82-814B-FCEFF9AA6C70}.Release|Any CPU.ActiveCfg = Release|Any CPU
		{D65F146D-DCB5-4F82-814B-FCEFF9AA6C70}.Release|Any CPU.Build.0 = Release|Any CPU
		{99A6D58F-509C-4B80-A3E4-8BE2CF350D17}.Debug|Any CPU.ActiveCfg = Debug|Any CPU
		{99A6D58F-509C-4B80-A3E4-8BE2CF350D17}.Debug|Any CPU.Build.0 = Debug|Any CPU
		{99A6D58F-509C-4B80-A3E4-8BE2CF350D17}.Release|Any CPU.ActiveCfg = Release|Any CPU
		{99A6D58F-509C-4B80-A3E4-8BE2CF350D17}.Release|Any CPU.Build.0 = Release|Any CPU
		{805EAF8A-0ED1-429F-A941-B519B41AD6F1}.Debug|Any CPU.ActiveCfg = Debug|Any CPU
		{805EAF8A-0ED1-429F-A941-B519B41AD6F1}.Debug|Any CPU.Build.0 = Debug|Any CPU
		{805EAF8A-0ED1-429F-A941-B519B41AD6F1}.Release|Any CPU.ActiveCfg = Release|Any CPU
		{805EAF8A-0ED1-429F-A941-B519B41AD6F1}.Release|Any CPU.Build.0 = Release|Any CPU
		{14FF23B6-DDE6-420F-8260-4DD877B6F38A}.Debug|Any CPU.ActiveCfg = Debug|Any CPU
		{14FF23B6-DDE6-420F-8260-4DD877B6F38A}.Debug|Any CPU.Build.0 = Debug|Any CPU
		{14FF23B6-DDE6-420F-8260-4DD877B6F38A}.Release|Any CPU.ActiveCfg = Release|Any CPU
		{14FF23B6-DDE6-420F-8260-4DD877B6F38A}.Release|Any CPU.Build.0 = Release|Any CPU
		{C6C05DE9-944A-425E-B9D7-E432A1270D3A}.Debug|Any CPU.ActiveCfg = Debug|Any CPU
		{C6C05DE9-944A-425E-B9D7-E432A1270D3A}.Debug|Any CPU.Build.0 = Debug|Any CPU
		{C6C05DE9-944A-425E-B9D7-E432A1270D3A}.Release|Any CPU.ActiveCfg = Release|Any CPU
		{C6C05DE9-944A-425E-B9D7-E432A1270D3A}.Release|Any CPU.Build.0 = Release|Any CPU
	EndGlobalSection
	GlobalSection(SolutionProperties) = preSolution
		HideSolutionNode = FALSE
	EndGlobalSection
	GlobalSection(ExtensibilityGlobals) = postSolution
		SolutionGuid = {A70C4637-64ED-44F8-8D74-0C41F62B1DE6}
	EndGlobalSection
EndGlobal
